PODS:
  - AFNetworking (4.0.1):
    - AFNetworking/NSURLSession (= 4.0.1)
    - AFNetworking/Reachability (= 4.0.1)
    - AFNetworking/Security (= 4.0.1)
    - AFNetworking/Serialization (= 4.0.1)
    - AFNetworking/UIKit (= 4.0.1)
  - AFNetworking/NSURLSession (4.0.1):
    - AFNetworking/Reachability
    - AFNetworking/Security
    - AFNetworking/Serialization
  - AFNetworking/Reachability (4.0.1)
  - AFNetworking/Security (4.0.1)
  - AFNetworking/Serialization (4.0.1)
  - AFNetworking/UIKit (4.0.1):
    - AFNetworking/NSURLSession
  - CircleTimer (0.2.0)
  - CMTabbarView (0.2.0)
  - DBCameraButton (1.0.0)
  - DLRadioButton (1.4.12)
  - "GKImagePicker@robseward (0.0.9)"
  - HEREMaps (3.20.2)
  - HexColors (4.0.0)
  - IQDropDownTextField (3.0.0)
  - IQMediaPickerController (2.0.0):
    - DBCameraButton
    - SCSiriWaveformView
  - JSONModel (1.8.0)
  - KDLoadingView (1.0.5)
  - libPhoneNumber-iOS (0.9.15)
  - MagicalRecord (2.4.0):
    - MagicalRecord/Core (= 2.4.0)
  - MagicalRecord/Core (2.4.0)
  - PPTopMostController (0.0.1)
  - RaxelPulse (5.16)
  - RMessage (2.3.4):
    - HexColors (~> 4.0)
    - PPTopMostController
  - SAMKeychain (1.5.3)
  - SCSiriWaveformView (1.1.1)
  - SHSPhoneComponent (2.32)
  - SystemServices (2.0.1)
  - TTTLocalizedPluralString (1.0.0)
  - "UIActionSheet+Blocks (0.9)"
  - "UIAlertView+Blocks (0.9)"
  - UICountingLabel (1.4.1)
  - YYCache (1.0.4)
  - YYImage (1.0.4):
    - YYImage/Core (= 1.0.4)
  - YYImage/Core (1.0.4)
  - YYWebImage (1.0.5):
    - YYCache
    - YYImage

DEPENDENCIES:
  - AFNetworking
  - CircleTimer (= 0.2.0)
  - CMTabbarView
  - DLRadioButton
  - "GKImagePicker@robseward"
  - HEREMaps
  - IQDropDownTextField
  - IQMediaPickerController
  - JSONModel
  - KDLoadingView
  - libPhoneNumber-iOS (~> 0.8)
  - MagicalRecord (from `https://github.com/magicalpanda/MagicalRecord`)
  - RaxelPulse (= 5.16)
  - RMessage (~> 2.3.0)
  - SAMKeychain
  - SHSPhoneComponent
  - SystemServices
  - TTTLocalizedPluralString
  - "UIActionSheet+Blocks"
  - "UIAlertView+Blocks"
  - UICountingLabel
  - YYWebImage

SPEC REPOS:
  https://github.com/CocoaPods/Specs.git:
    - AFNetworking
    - CircleTimer
    - CMTabbarView
    - DBCameraButton
    - DLRadioButton
    - "GKImagePicker@robseward"
    - HEREMaps
    - HexColors
    - IQDropDownTextField
    - IQMediaPickerController
    - JSONModel
    - KDLoadingView
    - libPhoneNumber-iOS
    - PPTopMostController
    - RaxelPulse
    - RMessage
    - SAMKeychain
    - SCSiriWaveformView
    - SHSPhoneComponent
    - SystemServices
    - TTTLocalizedPluralString
    - "UIActionSheet+Blocks"
    - "UIAlertView+Blocks"
    - UICountingLabel
    - YYCache
    - YYImage
    - YYWebImage

EXTERNAL SOURCES:
  MagicalRecord:
    :git: https://github.com/magicalpanda/MagicalRecord

CHECKOUT OPTIONS:
  MagicalRecord:
    :commit: 6031f608b79c1d6802007aaed6efd100e11f59ba
    :git: https://github.com/magicalpanda/MagicalRecord

SPEC CHECKSUMS:
  AFNetworking: 7864c38297c79aaca1500c33288e429c3451fdce
  CircleTimer: e8ecb6c29218488b432673c9eedecf1453afd38b
  CMTabbarView: 2f50437600bef5001b4fc91f0196a38f96a9c289
  DBCameraButton: 969d585df804df5b413936a7bf5d77c562ca2307
  DLRadioButton: d7c4e225ed0e8013cef7be61455230c7557ad7c1
  "GKImagePicker@robseward": 98b9ead2141843574736cef51a2b4813ecefa62c
  HEREMaps: e8ea461602b776a5cc9369872bd63ea4c887b85c
  HexColors: 5f95843ef89aff6a72e1fd3a8ebabf205cc43379
  IQDropDownTextField: 77916c18f518ee9f3c62735775f1ba061d92fc58
  IQMediaPickerController: d8c88f955bcc67e8c2703538f63cc670c56b82a2
  JSONModel: 02ab723958366a3fd27da57ea2af2113658762e9
  KDLoadingView: 2b99197b41b098b220a79e505121ab34c48c4fca
  libPhoneNumber-iOS: 0a32a9525cf8744fe02c5206eb30d571e38f7d75
  MagicalRecord: 1f22a766156474d9f46a9b1e1ce59ca9e37830fc
  PPTopMostController: 4e6f1e5f8c645bdcc74cd837a20f607ff262c048
  RaxelPulse: 760e77ad3679ccb16612631336e811ec3927d9d4
  RMessage: c53d90b788d64387f68bce3725b309e377b6bf15
  SAMKeychain: 483e1c9f32984d50ca961e26818a534283b4cd5c
  SCSiriWaveformView: 15b9dd6f94c7536e2032b34a35c6ff74d38c7411
  SHSPhoneComponent: c491cf87a0d5c3fb11b8f54100d05fd2706cb401
  SystemServices: 7af348493ece8951449b476c41532df72569b181
  TTTLocalizedPluralString: 765f5f50eda8d52709add19b68393be56138c020
  "UIActionSheet+Blocks": e180b7dad0a721ab7f212ac9742af799008bb358
  "UIAlertView+Blocks": a46c99c5144f6c5dbc7d62fd2a0678daceec89a3
  UICountingLabel: faf890b505d96312e324a86718f031fafffb0ccb
  YYCache: 8105b6638f5e849296c71f331ff83891a4942952
  YYImage: 1e1b62a9997399593e4b9c4ecfbbabbf1d3f3b54
  YYWebImage: 5f7f36aee2ae293f016d418c7d6ba05c4863e928

PODFILE CHECKSUM: 4fe160e441e59655c16782a240001de2aab62b37

COCOAPODS: 1.11.3
